
Microsoft Visual Studio Solution File, Format Version 12.00
# Visual Studio Version 16
VisualStudioVersion = 16.0.30711.63
MinimumVisualStudioVersion = 10.0.40219.1
Project("{FAE04EC0-301F-11D3-BF4B-00C04F79EFBC}") = "Diary.WebUI", "Diary.WebUI\Diary.WebUI.csproj", "{428595A3-2462-4A32-87D1-A86B94BA8F85}"
EndProject
Project("{FAE04EC0-301F-11D3-BF4B-00C04F79EFBC}") = "DataAccessLibrary", "DataAccessLibrary\DataAccessLibrary.csproj", "{3FFA3A10-7632-49D3-8479-4C30BC7E704D}"
EndProject
Global
	GlobalSection(SolutionConfigurationPlatforms) = preSolution
		Debug|Any CPU = Debug|Any CPU
		Release|Any CPU = Release|Any CPU
	EndGlobalSection
	GlobalSection(ProjectConfigurationPlatforms) = postSolution
		{428595A3-2462-4A32-87D1-A86B94BA8F85}.Debug|Any CPU.ActiveCfg = Debug|Any CPU
		{428595A3-2462-4A32-87D1-A86B94BA8F85}.Debug|Any CPU.Build.0 = Debug|Any CPU
		{428595A3-2462-4A32-87D1-A86B94BA8F85}.Release|Any CPU.ActiveCfg = Release|Any CPU
		{428595A3-2462-4A32-87D1-A86B94BA8F85}.Release|Any CPU.Build.0 = Release|Any CPU
		{3FFA3A10-7632-49D3-8479-4C30BC7E704D}.Debug|Any CPU.ActiveCfg = Debug|Any CPU
		{3FFA3A10-7632-49D3-8479-4C30BC7E704D}.Debug|Any CPU.Build.0 = Debug|Any CPU
		{3FFA3A10-7632-49D3-8479-4C30BC7E704D}.Release|Any CPU.ActiveCfg = Release|Any CPU
		{3FFA3A10-7632-49D3-8479-4C30BC7E704D}.Release|Any CPU.Build.0 = Release|Any CPU
	EndGlobalSection
	GlobalSection(SolutionProperties) = preSolution
		HideSolutionNode = FALSE
	EndGlobalSection
	GlobalSection(ExtensibilityGlobals) = postSolution
		SolutionGuid = {A53A1C7F-6B28-467F-BF16-A7E8001237A8}
	EndGlobalSection
EndGlobal
